
Microsoft Visual Studio Solution File, Format Version 12.00
# Visual Studio Version 17
VisualStudioVersion = 17.0.32014.148
MinimumVisualStudioVersion = 10.0.40219.1
Project("{FAE04EC0-301F-11D3-BF4B-00C04F79EFBC}") = "Card Collection Compiler", "Card Collection Compiler.csproj", "{D167E85B-6FFE-41E4-8F50-ADDDE5B790D9}"
EndProject
Global
	GlobalSection(SolutionConfigurationPlatforms) = preSolution
		Debug|Any CPU = Debug|Any CPU
		Release|Any CPU = Release|Any CPU
	EndGlobalSection
	GlobalSection(ProjectConfigurationPlatforms) = postSolution
		{D167E85B-6FFE-41E4-8F50-ADDDE5B790D9}.Debug|Any CPU.ActiveCfg = Debug|Any CPU
		{D167E85B-6FFE-41E4-8F50-ADDDE5B790D9}.Debug|Any CPU.Build.0 = Debug|Any CPU
		{D167E85B-6FFE-41E4-8F50-ADDDE5B790D9}.Release|Any CPU.ActiveCfg = Release|Any CPU
		{D167E85B-6FFE-41E4-8F50-ADDDE5B790D9}.Release|Any CPU.Build.0 = Release|Any CPU
	EndGlobalSection
	GlobalSection(SolutionProperties) = preSolution
		HideSolutionNode = FALSE
	EndGlobalSection
	GlobalSection(ExtensibilityGlobals) = postSolution
		SolutionGuid = {91200A97-4D5B-4759-98BD-3AF512F40B60}
	EndGlobalSection
EndGlobal
